
Microsoft Visual Studio Solution File, Format Version 12.00
# Visual Studio Version 17
VisualStudioVersion = 17.5.002.0
MinimumVisualStudioVersion = 10.0.40219.1
Project("{9A19103F-16F7-4668-BE54-9A1E7A4F7556}") = "Projeto de Celular dio", "Projeto de Celular dio.csproj", "{1E3C8999-73EA-4536-92CE-73A45BA56730}"
EndProject
Global
	GlobalSection(SolutionConfigurationPlatforms) = preSolution
		Debug|Any CPU = Debug|Any CPU
		Release|Any CPU = Release|Any CPU
	EndGlobalSection
	GlobalSection(ProjectConfigurationPlatforms) = postSolution
		{1E3C8999-73EA-4536-92CE-73A45BA56730}.Debug|Any CPU.ActiveCfg = Debug|Any CPU
		{1E3C8999-73EA-4536-92CE-73A45BA56730}.Debug|Any CPU.Build.0 = Debug|Any CPU
		{1E3C8999-73EA-4536-92CE-73A45BA56730}.Release|Any CPU.ActiveCfg = Release|Any CPU
		{1E3C8999-73EA-4536-92CE-73A45BA56730}.Release|Any CPU.Build.0 = Release|Any CPU
	EndGlobalSection
	GlobalSection(SolutionProperties) = preSolution
		HideSolutionNode = FALSE
	EndGlobalSection
	GlobalSection(ExtensibilityGlobals) = postSolution
		SolutionGuid = {749145C1-BA53-4F6D-B9FA-B1B00C6C8FCA}
	EndGlobalSection
EndGlobal
